<?xml version="1.0" encoding="utf-8"?>
<Project ToolsVersion="4.0" xmlns="http://schemas.microsoft.com/developer/msbuild/2003">
  <ItemGroup>
    <Filter Include="Source Files">
      <UniqueIdentifier>{4FC737F1-C7A5-4376-A066-2A32D752A2FF}</UniqueIdentifier>
      <Extensions>cpp;c;cc;cxx;def;odl;idl;hpj;bat;asm;asmx</Extensions>
    </Filter>
    <Filter Include="Header Files">
      <UniqueIdentifier>{93995380-89BD-4b04-88EB-625FBE52EBFB}</UniqueIdentifier>
      <Extensions>h;hpp;hxx;hm;inl;inc;xsd</Extensions>
    </Filter>
    <Filter Include="Resource Files">
      <UniqueIdentifier>{67DA6AB6-F800-4c08-8B7A-83BB121AAD01}</UniqueIdentifier>
      <Extensions>rc;ico;cur;bmp;dlg;rc2;rct;bin;rgs;gif;jpg;jpeg;jpe;resx;tiff;tif;png;wav;mfcribbon-ms</Extensions>
    </Filter>
  </ItemGroup>
  <ItemGroup>
    <ClCompile Include="test\main.cpp">
      <Filter>Source Files</Filter>
    </ClCompile>
    <ClCompile Include="logic\steps\GameStep.cpp">
      <Filter>Source Files</Filter>
    </ClCompile>
    <ClCompile Include="logic\instrument\HarvestSpace.cpp">
      <Filter>Source Files</Filter>
    </ClCompile>
    <ClCompile Include="logic\scheduler\LogicScheduler.cpp">
      <Filter>Source Files</Filter>
    </ClCompile>
    <ClCompile Include="logic\instrument\GameDataHolder.cpp">
      <Filter>Source Files</Filter>
    </ClCompile>
    <ClCompile Include="logic\instrument\TechCardsMarket.cpp">
      <Filter>Source Files</Filter>
    </ClCompile>
    <ClCompile Include="logic\instrument\Player.cpp">
      <Filter>Source Files</Filter>
    </ClCompile>
    <ClCompile Include="logic\steps\AuctionStep.cpp">
      <Filter>Source Files</Filter>
    </ClCompile>
    <ClCompile Include="logic\instrument\GameContainer.cpp">
      <Filter>Source Files</Filter>
    </ClCompile>
    <ClCompile Include="logic\proto\GameMessage.pb.cc">
      <Filter>Source Files</Filter>
    </ClCompile>
    <ClCompile Include="test\PreparationStepTest.cpp">
      <Filter>Source Files</Filter>
    </ClCompile>
    <ClCompile Include="logic\steps\PreparationStep.cpp">
      <Filter>Source Files</Filter>
    </ClCompile>
    <ClCompile Include="logic\proto\ScheduleMessage.pb.cc">
      <Filter>Source Files</Filter>
    </ClCompile>
    <ClCompile Include="test\MockClass\MockPlayer.cpp">
      <Filter>Source Files</Filter>
    </ClCompile>
    <ClCompile Include="test\GameContainerTest.cpp">
      <Filter>Source Files</Filter>
    </ClCompile>
    <ClCompile Include="system\ThreadManager.cpp">
      <Filter>Source Files</Filter>
    </ClCompile>
    <ClCompile Include="system\Thread.cpp">
      <Filter>Source Files</Filter>
    </ClCompile>
    <ClCompile Include="test\ThreadTest.cpp">
      <Filter>Source Files</Filter>
    </ClCompile>
    <ClCompile Include="test\NetworkServiceTest.cpp">
      <Filter>Source Files</Filter>
    </ClCompile>
    <ClCompile Include="system\network\TcpListener.cpp">
      <Filter>Source Files</Filter>
    </ClCompile>
    <ClCompile Include="system\network\TcpConnection.cpp">
      <Filter>Source Files</Filter>
    </ClCompile>
    <ClCompile Include="system\network\ListenerFactory.cpp">
      <Filter>Source Files</Filter>
    </ClCompile>
    <ClCompile Include="system\network\NetworkService.cpp">
      <Filter>Source Files</Filter>
    </ClCompile>
    <ClCompile Include="system\network\MessageEncoder.cpp">
      <Filter>Source Files</Filter>
    </ClCompile>
  </ItemGroup>
  <ItemGroup>
    <ClInclude Include="logic\steps\GameStep.h">
      <Filter>Header Files</Filter>
    </ClInclude>
    <ClInclude Include="logic\instrument\HarvestSpace.h">
      <Filter>Header Files</Filter>
    </ClInclude>
    <ClInclude Include="logic\scheduler\LogicScheduler.h">
      <Filter>Header Files</Filter>
    </ClInclude>
    <ClInclude Include="logic\instrument\GameDataHolder.h">
      <Filter>Header Files</Filter>
    </ClInclude>
    <ClInclude Include="logic\instrument\TechCardsMarket.h">
      <Filter>Header Files</Filter>
    </ClInclude>
    <ClInclude Include="logic\instrument\Player.h">
      <Filter>Header Files</Filter>
    </ClInclude>
    <ClInclude Include="logic\steps\AuctionStep.h">
      <Filter>Header Files</Filter>
    </ClInclude>
    <ClInclude Include="common\config.h">
      <Filter>Header Files</Filter>
    </ClInclude>
    <ClInclude Include="logic\instrument\GameContainer.h">
      <Filter>Header Files</Filter>
    </ClInclude>
    <ClInclude Include="logic\proto\GameMessage.pb.h">
      <Filter>Header Files</Filter>
    </ClInclude>
    <ClInclude Include="logic\steps\PreparationStep.h">
      <Filter>Header Files</Filter>
    </ClInclude>
    <ClInclude Include="logic\proto\ScheduleMessage.pb.h">
      <Filter>Header Files</Filter>
    </ClInclude>
    <ClInclude Include="test\PreparationStepTest.h">
      <Filter>Header Files</Filter>
    </ClInclude>
    <ClInclude Include="test\MockClass\MockPlayer.h">
      <Filter>Header Files</Filter>
    </ClInclude>
    <ClInclude Include="logic\instrument\MessageDispatcher.h">
      <Filter>Header Files</Filter>
    </ClInclude>
    <ClInclude Include="test\GameContainerTest.h">
      <Filter>Header Files</Filter>
    </ClInclude>
    <ClInclude Include="system\ThreadManager.h">
      <Filter>Header Files</Filter>
    </ClInclude>
    <ClInclude Include="system\Thread.h">
      <Filter>Header Files</Filter>
    </ClInclude>
    <ClInclude Include="test\ThreadTest.h">
      <Filter>Header Files</Filter>
    </ClInclude>
    <ClInclude Include="system\handler\NetworkMessageHandler_i.h">
      <Filter>Header Files</Filter>
    </ClInclude>
    <ClInclude Include="system\handler\LogicMessageHandler_i.h">
      <Filter>Header Files</Filter>
    </ClInclude>
    <ClInclude Include="system\network\TcpListener.h">
      <Filter>Header Files</Filter>
    </ClInclude>
    <ClInclude Include="system\network\NetworkConnection_i.h">
      <Filter>Header Files</Filter>
    </ClInclude>
    <ClInclude Include="test\NetworkServiceTest.h">
      <Filter>Header Files</Filter>
    </ClInclude>
    <ClInclude Include="system\network\NetworkListener_i.h">
      <Filter>Header Files</Filter>
    </ClInclude>
    <ClInclude Include="system\network\NetworkListener.h">
      <Filter>Header Files</Filter>
    </ClInclude>
    <ClInclude Include="system\network\TcpConnection.h">
      <Filter>Header Files</Filter>
    </ClInclude>
    <ClInclude Include="system\network\ListenerFactory.h">
      <Filter>Header Files</Filter>
    </ClInclude>
    <ClInclude Include="system\network\NetworkService.h">
      <Filter>Header Files</Filter>
    </ClInclude>
    <ClInclude Include="system\network\MessageEncoder.h">
      <Filter>Header Files</Filter>
    </ClInclude>
  </ItemGroup>
  <ItemGroup>
    <None Include="logic\proto\GameMessage.proto" />
    <None Include="logic\proto\ScheduleMessage.proto" />
  </ItemGroup>
</Project>